
Microsoft Visual Studio Solution File, Format Version 12.00
# Visual Studio 14
VisualStudioVersion = 14.0.23107.0
MinimumVisualStudioVersion = 10.0.40219.1
Project("{FAE04EC0-301F-11D3-BF4B-00C04F79EFBC}") = "StrategyAlienAttack", "StrategyAlienAttack.csproj", "{BB5676A9-70AA-482B-A6F5-DA50F21D17DB}"
EndProject
Project("{FAE04EC0-301F-11D3-BF4B-00C04F79EFBC}") = "UnitTestProject1", "UnitTestProject1\UnitTestProject1.csproj", "{B1F21A68-5376-42EF-B306-C28844A40CE1}"
EndProject
Global
	GlobalSection(SolutionConfigurationPlatforms) = preSolution
		Debug|Any CPU = Debug|Any CPU
		Release|Any CPU = Release|Any CPU
	EndGlobalSection
	GlobalSection(ProjectConfigurationPlatforms) = postSolution
		{BB5676A9-70AA-482B-A6F5-DA50F21D17DB}.Debug|Any CPU.ActiveCfg = Debug|Any CPU
		{BB5676A9-70AA-482B-A6F5-DA50F21D17DB}.Debug|Any CPU.Build.0 = Debug|Any CPU
		{BB5676A9-70AA-482B-A6F5-DA50F21D17DB}.Release|Any CPU.ActiveCfg = Release|Any CPU
		{BB5676A9-70AA-482B-A6F5-DA50F21D17DB}.Release|Any CPU.Build.0 = Release|Any CPU
		{B1F21A68-5376-42EF-B306-C28844A40CE1}.Debug|Any CPU.ActiveCfg = Debug|Any CPU
		{B1F21A68-5376-42EF-B306-C28844A40CE1}.Debug|Any CPU.Build.0 = Debug|Any CPU
		{B1F21A68-5376-42EF-B306-C28844A40CE1}.Release|Any CPU.ActiveCfg = Release|Any CPU
		{B1F21A68-5376-42EF-B306-C28844A40CE1}.Release|Any CPU.Build.0 = Release|Any CPU
	EndGlobalSection
	GlobalSection(SolutionProperties) = preSolution
		HideSolutionNode = FALSE
	EndGlobalSection
EndGlobal
